
Microsoft Visual Studio Solution File, Format Version 12.00
# Visual Studio Version 16
VisualStudioVersion = 16.0.34114.132
MinimumVisualStudioVersion = 10.0.40219.1
Project("{FAE04EC0-301F-11D3-BF4B-00C04F79EFBC}") = "WebFormsPanel", "WebFormsPanel\WebFormsPanel.csproj", "{AB9C9B01-7B9D-4D1A-A18E-0E8A28091013}"
EndProject
Global
	GlobalSection(SolutionConfigurationPlatforms) = preSolution
		Debug|Any CPU = Debug|Any CPU
		Release|Any CPU = Release|Any CPU
	EndGlobalSection
	GlobalSection(ProjectConfigurationPlatforms) = postSolution
		{AB9C9B01-7B9D-4D1A-A18E-0E8A28091013}.Debug|Any CPU.ActiveCfg = Debug|Any CPU
		{AB9C9B01-7B9D-4D1A-A18E-0E8A28091013}.Debug|Any CPU.Build.0 = Debug|Any CPU
		{AB9C9B01-7B9D-4D1A-A18E-0E8A28091013}.Release|Any CPU.ActiveCfg = Release|Any CPU
		{AB9C9B01-7B9D-4D1A-A18E-0E8A28091013}.Release|Any CPU.Build.0 = Release|Any CPU
	EndGlobalSection
	GlobalSection(SolutionProperties) = preSolution
		HideSolutionNode = FALSE
	EndGlobalSection
	GlobalSection(ExtensibilityGlobals) = postSolution
		SolutionGuid = {3130F041-D85D-4BF4-8066-CA5547030067}
	EndGlobalSection
EndGlobal
